PODS:
  - Kiwi (2.3.1)
  - NSArray+Functional (1.0.0)
  - NSDictionary+TRVSUnderscoreCamelCaseAdditions (0.1.0)

DEPENDENCIES:
  - Kiwi (= 2.3.1)
  - NSArray+Functional (= 1.0.0)
  - NSDictionary+TRVSUnderscoreCamelCaseAdditions (= 0.1.0)

SPEC CHECKSUMS:
  Kiwi: f038a6c61f7a9e4d7766bff5717aa3b3fdb75f55
  NSArray+Functional: 70450a935ad6cf933f675251311c14385815506d
  NSDictionary+TRVSUnderscoreCamelCaseAdditions: 2d3cb6d3ef929149b37c3c65dfc60170e89d1861

COCOAPODS: 0.37.2
